
Microsoft Visual Studio Solution File, Format Version 12.00
# Visual Studio 14
VisualStudioVersion = 14.0.23107.0
MinimumVisualStudioVersion = 10.0.40219.1
Project("{FAE04EC0-301F-11D3-BF4B-00C04F79EFBC}") = "FCQBWebConnAPI", "FCWBWebConnSvc\FCQBWebConnAPI.csproj", "{6316B588-2599-4C35-B283-0DB09F22E762}"
EndProject
Project("{FAE04EC0-301F-11D3-BF4B-00C04F79EFBC}") = "FCQB.Data", "FCQB.Data\FCQB.Data.csproj", "{A7571A36-5DE9-4453-953E-3E43FCE977FD}"
EndProject
Project("{FAE04EC0-301F-11D3-BF4B-00C04F79EFBC}") = "DataImport", "DataImport\DataImport.csproj", "{A003F461-EE90-4FE2-8E26-D442B4F90865}"
EndProject
Global
	GlobalSection(SolutionConfigurationPlatforms) = preSolution
		Debug|Any CPU = Debug|Any CPU
		Release|Any CPU = Release|Any CPU
	EndGlobalSection
	GlobalSection(ProjectConfigurationPlatforms) = postSolution
		{6316B588-2599-4C35-B283-0DB09F22E762}.Debug|Any CPU.ActiveCfg = Debug|Any CPU
		{6316B588-2599-4C35-B283-0DB09F22E762}.Debug|Any CPU.Build.0 = Debug|Any CPU
		{6316B588-2599-4C35-B283-0DB09F22E762}.Release|Any CPU.ActiveCfg = Release|Any CPU
		{6316B588-2599-4C35-B283-0DB09F22E762}.Release|Any CPU.Build.0 = Release|Any CPU
		{A7571A36-5DE9-4453-953E-3E43FCE977FD}.Debug|Any CPU.ActiveCfg = Debug|Any CPU
		{A7571A36-5DE9-4453-953E-3E43FCE977FD}.Debug|Any CPU.Build.0 = Debug|Any CPU
		{A7571A36-5DE9-4453-953E-3E43FCE977FD}.Release|Any CPU.ActiveCfg = Release|Any CPU
		{A7571A36-5DE9-4453-953E-3E43FCE977FD}.Release|Any CPU.Build.0 = Release|Any CPU
		{A003F461-EE90-4FE2-8E26-D442B4F90865}.Debug|Any CPU.ActiveCfg = Debug|Any CPU
		{A003F461-EE90-4FE2-8E26-D442B4F90865}.Debug|Any CPU.Build.0 = Debug|Any CPU
		{A003F461-EE90-4FE2-8E26-D442B4F90865}.Release|Any CPU.ActiveCfg = Release|Any CPU
		{A003F461-EE90-4FE2-8E26-D442B4F90865}.Release|Any CPU.Build.0 = Release|Any CPU
	EndGlobalSection
	GlobalSection(SolutionProperties) = preSolution
		HideSolutionNode = FALSE
	EndGlobalSection
EndGlobal
